
Microsoft Visual Studio Solution File, Format Version 12.00
# Visual Studio Version 17
VisualStudioVersion = 17.11.35327.3
MinimumVisualStudioVersion = 10.0.40219.1
Project("{9A19103F-16F7-4668-BE54-9A1E7A4F7556}") = "InventoryServer", "InventoryServer.csproj", "{4E980B00-A2CB-4FE3-8F6B-03C6B8F96313}"
EndProject
Global
	GlobalSection(SolutionConfigurationPlatforms) = preSolution
		Debug|Any CPU = Debug|Any CPU
		Release|Any CPU = Release|Any CPU
	EndGlobalSection
	GlobalSection(ProjectConfigurationPlatforms) = postSolution
		{4E980B00-A2CB-4FE3-8F6B-03C6B8F96313}.Debug|Any CPU.ActiveCfg = Debug|Any CPU
		{4E980B00-A2CB-4FE3-8F6B-03C6B8F96313}.Debug|Any CPU.Build.0 = Debug|Any CPU
		{4E980B00-A2CB-4FE3-8F6B-03C6B8F96313}.Release|Any CPU.ActiveCfg = Release|Any CPU
		{4E980B00-A2CB-4FE3-8F6B-03C6B8F96313}.Release|Any CPU.Build.0 = Release|Any CPU
	EndGlobalSection
	GlobalSection(SolutionProperties) = preSolution
		HideSolutionNode = FALSE
	EndGlobalSection
	GlobalSection(ExtensibilityGlobals) = postSolution
		SolutionGuid = {4B22D0FF-8E45-41A6-AC51-9D3B74AA85D4}
	EndGlobalSection
EndGlobal
